// !$*UTF8*$!
{
	archiveVersion = 1;
	classes = {
	};
	objectVersion = 56;
	objects = {

/* Begin PBXBuildFile section */
		08BBB95E2BFD5F5C00128E10 /* AccountameApp.swift in Sources */ = {isa = PBXBuildFile; fileRef = 08BBB95D2BFD5F5C00128E10 /* AccountameApp.swift */; };
		08BBB9602BFD5F5C00128E10 /* ContentView.swift in Sources */ = {isa = PBXBuildFile; fileRef = 08BBB95F2BFD5F5C00128E10 /* ContentView.swift */; };
		08BBB9622BFD5F5D00128E10 /* Assets.xcassets in Resources */ = {isa = PBXBuildFile; fileRef = 08BBB9612BFD5F5D00128E10 /* Assets.xcassets */; };
		08BBB9652BFD5F5D00128E10 /* Preview Assets.xcassets in Resources */ = {isa = PBXBuildFile; fileRef = 08BBB9642BFD5F5D00128E10 /* Preview Assets.xcassets */; };
		08BBB96F2BFD5F5D00128E10 /* accountameTests.swift in Sources */ = {isa = PBXBuildFile; fileRef = 08BBB96E2BFD5F5D00128E10 /* accountameTests.swift */; };
		08BBB9792BFD5F5D00128E10 /* accountameUITests.swift in Sources */ = {isa = PBXBuildFile; fileRef = 08BBB9782BFD5F5D00128E10 /* accountameUITests.swift */; };
		08BBB97B2BFD5F5D00128E10 /* accountameUITestsLaunchTests.swift in Sources */ = {isa = PBXBuildFile; fileRef = 08BBB97A2BFD5F5D00128E10 /* accountameUITestsLaunchTests.swift */; };
/* End PBXBuildFile section */

/* Begin PBXContainerItemProxy section */
		08BBB96B2BFD5F5D00128E10 /* PBXContainerItemProxy */ = {
			isa = PBXContainerItemProxy;
			containerPortal = 08BBB9522BFD5F5C00128E10 /* Project object */;
			proxyType = 1;
			remoteGlobalIDString = 08BBB9592BFD5F5C00128E10;
			remoteInfo = accountame;
		};
		08BBB9752BFD5F5D00128E10 /* PBXContainerItemProxy */ = {
			isa = PBXContainerItemProxy;
			containerPortal = 08BBB9522BFD5F5C00128E10 /* Project object */;
			proxyType = 1;
			remoteGlobalIDString = 08BBB9592BFD5F5C00128E10;
			remoteInfo = accountame;
		};
/* End PBXContainerItemProxy section */

/* Begin PBXFileReference section */
		08BBB95A2BFD5F5C00128E10 /* accountame.app */ = {isa = PBXFileReference; explicitFileType = wrapper.application; includeInIndex = 0; path = accountame.app; sourceTree = BUILT_PRODUCTS_DIR; };
		08BBB95D2BFD5F5C00128E10 /* AccountameApp.swift */ = {isa = PBXFileReference; lastKnownFileType = sourcecode.swift; path = AccountameApp.swift; sourceTree = "<group>"; };
		08BBB95F2BFD5F5C00128E10 /* ContentView.swift */ = {isa = PBXFileReference; lastKnownFileType = sourcecode.swift; path = ContentView.swift; sourceTree = "<group>"; };
		08BBB9612BFD5F5D00128E10 /* Assets.xcassets */ = {isa = PBXFileReference; lastKnownFileType = folder.assetcatalog; path = Assets.xcassets; sourceTree = "<group>"; };
		08BBB9642BFD5F5D00128E10 /* Preview Assets.xcassets */ = {isa = PBXFileReference; lastKnownFileType = folder.assetcatalog; path = "Preview Assets.xcassets"; sourceTree = "<group>"; };
		08BBB96A2BFD5F5D00128E10 /* accountameTests.xctest */ = {isa = PBXFileReference; explicitFileType = wrapper.cfbundle; includeInIndex = 0; path = accountameTests.xctest; sourceTree = BUILT_PRODUCTS_DIR; };
		08BBB96E2BFD5F5D00128E10 /* accountameTests.swift */ = {isa = PBXFileReference; lastKnownFileType = sourcecode.swift; path = accountameTests.swift; sourceTree = "<group>"; };
		08BBB9742BFD5F5D00128E10 /* accountameUITests.xctest */ = {isa = PBXFileReference; explicitFileType = wrapper.cfbundle; includeInIndex = 0; path = accountameUITests.xctest; sourceTree = BUILT_PRODUCTS_DIR; };
		08BBB9782BFD5F5D00128E10 /* accountameUITests.swift */ = {isa = PBXFileReference; lastKnownFileType = sourcecode.swift; path = accountameUITests.swift; sourceTree = "<group>"; };
		08BBB97A2BFD5F5D00128E10 /* accountameUITestsLaunchTests.swift */ = {isa = PBXFileReference; lastKnownFileType = sourcecode.swift; path = accountameUITestsLaunchTests.swift; sourceTree = "<group>"; };
/* End PBXFileReference section */

/* Begin PBXFrameworksBuildPhase section */
		08BBB9572BFD5F5C00128E10 /* Frameworks */ = {
			isa = PBXFrameworksBuildPhase;
			buildActionMask = 2147483647;
			files = (
			);
			runOnlyForDeploymentPostprocessing = 0;
		};
		08BBB9672BFD5F5D00128E10 /* Frameworks */ = {
			isa = PBXFrameworksBuildPhase;
			buildActionMask = 2147483647;
			files = (
			);
			runOnlyForDeploymentPostprocessing = 0;
		};
		08BBB9712BFD5F5D00128E10 /* Frameworks */ = {
			isa = PBXFrameworksBuildPhase;
			buildActionMask = 2147483647;
			files = (
			);
			runOnlyForDeploymentPostprocessing = 0;
		};
/* End PBXFrameworksBuildPhase section */

/* Begin PBXGroup section */
		08BBB9512BFD5F5C00128E10 = {
			isa = PBXGroup;
			children = (
				08BBB95C2BFD5F5C00128E10 /* accountame */,
				08BBB96D2BFD5F5D00128E10 /* accountameTests */,
				08BBB9772BFD5F5D00128E10 /* accountameUITests */,
				08BBB95B2BFD5F5C00128E10 /* Products */,
			);
			sourceTree = "<group>";
		};
		08BBB95B2BFD5F5C00128E10 /* Products */ = {
			isa = PBXGroup;
			children = (
				08BBB95A2BFD5F5C00128E10 /* accountame.app */,
				08BBB96A2BFD5F5D00128E10 /* accountameTests.xctest */,
				08BBB9742BFD5F5D00128E10 /* accountameUITests.xctest */,
			);
			name = Products;
			sourceTree = "<group>";
		};
		08BBB95C2BFD5F5C00128E10 /* accountame */ = {
			isa = PBXGroup;
			children = (
				08BBB95D2BFD5F5C00128E10 /* AccountameApp.swift */,
				08BBB95F2BFD5F5C00128E10 /* ContentView.swift */,
				08BBB9612BFD5F5D00128E10 /* Assets.xcassets */,
				08BBB9632BFD5F5D00128E10 /* Preview Content */,
			);
			path = accountame;
			sourceTree = "<group>";
		};
		08BBB9632BFD5F5D00128E10 /* Preview Content */ = {
			isa = PBXGroup;
			children = (
				08BBB9642BFD5F5D00128E10 /* Preview Assets.xcassets */,
			);
			path = "Preview Content";
			sourceTree = "<group>";
		};
		08BBB96D2BFD5F5D00128E10 /* accountameTests */ = {
			isa = PBXGroup;
			children = (
				08BBB96E2BFD5F5D00128E10 /* accountameTests.swift */,
			);
			path = accountameTests;
			sourceTree = "<group>";
		};
		08BBB9772BFD5F5D00128E10 /* accountameUITests */ = {
			isa = PBXGroup;
			children = (
				08BBB9782BFD5F5D00128E10 /* accountameUITests.swift */,
				08BBB97A2BFD5F5D00128E10 /* accountameUITestsLaunchTests.swift */,
			);
			path = accountameUITests;
			sourceTree = "<group>";
		};
/* End PBXGroup section */

/* Begin PBXNativeTarget section */
		08BBB9592BFD5F5C00128E10 /* accountame */ = {
			isa = PBXNativeTarget;
			buildConfigurationList = 08BBB97E2BFD5F5D00128E10 /* Build configuration list for PBXNativeTarget "accountame" */;
			buildPhases = (
				08BBB9562BFD5F5C00128E10 /* Sources */,
				08BBB9572BFD5F5C00128E10 /* Frameworks */,
				08BBB9582BFD5F5C00128E10 /* Resources */,
			);
			buildRules = (
			);
			dependencies = (
			);
			name = accountame;
			productName = accountame;
			productReference = 08BBB95A2BFD5F5C00128E10 /* accountame.app */;
			productType = "com.apple.product-type.application";
		};
		08BBB9692BFD5F5D00128E10 /* accountameTests */ = {
			isa = PBXNativeTarget;
			buildConfigurationList = 08BBB9812BFD5F5D00128E10 /* Build configuration list for PBXNativeTarget "accountameTests" */;
			buildPhases = (
				08BBB9662BFD5F5D00128E10 /* Sources */,
				08BBB9672BFD5F5D00128E10 /* Frameworks */,
				08BBB9682BFD5F5D00128E10 /* Resources */,
			);
			buildRules = (
			);
			dependencies = (
				08BBB96C2BFD5F5D00128E10 /* PBXTargetDependency */,
			);
			name = accountameTests;
			productName = accountameTests;
			productReference = 08BBB96A2BFD5F5D00128E10 /* accountameTests.xctest */;
			productType = "com.apple.product-type.bundle.unit-test";
		};
		08BBB9732BFD5F5D00128E10 /* accountameUITests */ = {
			isa = PBXNativeTarget;
			buildConfigurationList = 08BBB9842BFD5F5D00128E10 /* Build configuration list for PBXNativeTarget "accountameUITests" */;
			buildPhases = (
				08BBB9702BFD5F5D00128E10 /* Sources */,
				08BBB9712BFD5F5D00128E10 /* Frameworks */,
				08BBB9722BFD5F5D00128E10 /* Resources */,
			);
			buildRules = (
			);
			dependencies = (
				08BBB9762BFD5F5D00128E10 /* PBXTargetDependency */,
			);
			name = accountameUITests;
			productName = accountameUITests;
			productReference = 08BBB9742BFD5F5D00128E10 /* accountameUITests.xctest */;
			productType = "com.apple.product-type.bundle.ui-testing";
		};
/* End PBXNativeTarget section */

/* Begin PBXProject section */
		08BBB9522BFD5F5C00128E10 /* Project object */ = {
			isa = PBXProject;
			attributes = {
				BuildIndependentTargetsInParallel = 1;
				LastSwiftUpdateCheck = 1540;
				LastUpgradeCheck = 1540;
				TargetAttributes = {
					08BBB9592BFD5F5C00128E10 = {
						CreatedOnToolsVersion = 15.4;
					};
					08BBB9692BFD5F5D00128E10 = {
						CreatedOnToolsVersion = 15.4;
						TestTargetID = 08BBB9592BFD5F5C00128E10;
					};
					08BBB9732BFD5F5D00128E10 = {
						CreatedOnToolsVersion = 15.4;
						TestTargetID = 08BBB9592BFD5F5C00128E10;
					};
				};
			};
			buildConfigurationList = 08BBB9552BFD5F5C00128E10 /* Build configuration list for PBXProject "accountame" */;
			compatibilityVersion = "Xcode 14.0";
			developmentRegion = en;
			hasScannedForEncodings = 0;
			knownRegions = (
				en,
				Base,
			);
			mainGroup = 08BBB9512BFD5F5C00128E10;
			productRefGroup = 08BBB95B2BFD5F5C00128E10 /* Products */;
			projectDirPath = "";
			projectRoot = "";
			targets = (
				08BBB9592BFD5F5C00128E10 /* accountame */,
				08BBB9692BFD5F5D00128E10 /* accountameTests */,
				08BBB9732BFD5F5D00128E10 /* accountameUITests */,
			);
		};
/* End PBXProject section */

/* Begin PBXResourcesBuildPhase section */
		08BBB9582BFD5F5C00128E10 /* Resources */ = {
			isa = PBXResourcesBuildPhase;
			buildActionMask = 2147483647;
			files = (
				08BBB9652BFD5F5D00128E10 /* Preview Assets.xcassets in Resources */,
				08BBB9622BFD5F5D00128E10 /* Assets.xcassets in Resources */,
			);
			runOnlyForDeploymentPostprocessing = 0;
		};
		08BBB9682BFD5F5D00128E10 /* Resources */ = {
			isa = PBXResourcesBuildPhase;
			buildActionMask = 2147483647;
			files = (
			);
			runOnlyForDeploymentPostprocessing = 0;
		};
		08BBB9722BFD5F5D00128E10 /* Resources */ = {
			isa = PBXResourcesBuildPhase;
			buildActionMask = 2147483647;
			files = (
			);
			runOnlyForDeploymentPostprocessing = 0;
		};
/* End PBXResourcesBuildPhase section */

/* Begin PBXSourcesBuildPhase section */
		08BBB9562BFD5F5C00128E10 /* Sources */ = {
			isa = PBXSourcesBuildPhase;
			buildActionMask = 2147483647;
			files = (
				08BBB9602BFD5F5C00128E10 /* ContentView.swift in Sources */,
				08BBB95E2BFD5F5C00128E10 /* AccountameApp.swift in Sources */,
			);
			runOnlyForDeploymentPostprocessing = 0;
		};
		08BBB9662BFD5F5D00128E10 /* Sources */ = {
			isa = PBXSourcesBuildPhase;
			buildActionMask = 2147483647;
			files = (
				08BBB96F2BFD5F5D00128E10 /* accountameTests.swift in Sources */,
			);
			runOnlyForDeploymentPostprocessing = 0;
		};
		08BBB9702BFD5F5D00128E10 /* Sources */ = {
			isa = PBXSourcesBuildPhase;
			buildActionMask = 2147483647;
			files = (
				08BBB97B2BFD5F5D00128E10 /* accountameUITestsLaunchTests.swift in Sources */,
				08BBB9792BFD5F5D00128E10 /* accountameUITests.swift in Sources */,
			);
			runOnlyForDeploymentPostprocessing = 0;
		};
/* End PBXSourcesBuildPhase section */

/* Begin PBXTargetDependency section */
		08BBB96C2BFD5F5D00128E10 /* PBXTargetDependency */ = {
			isa = PBXTargetDependency;
			target = 08BBB9592BFD5F5C00128E10 /* accountame */;
			targetProxy = 08BBB96B2BFD5F5D00128E10 /* PBXContainerItemProxy */;
		};
		08BBB9762BFD5F5D00128E10 /* PBXTargetDependency */ = {
			isa = PBXTargetDependency;
			target = 08BBB9592BFD5F5C00128E10 /* accountame */;
			targetProxy = 08BBB9752BFD5F5D00128E10 /* PBXContainerItemProxy */;
		};
/* End PBXTargetDependency section */

/* Begin XCBuildConfiguration section */
		08BBB97C2BFD5F5D00128E10 /* Debug */ = {
			isa = XCBuildConfiguration;
			buildSettings = {
				ALWAYS_SEARCH_USER_PATHS = NO;
				ASSETCATALOG_COMPILER_GENERATE_SWIFT_ASSET_SYMBOL_EXTENSIONS = YES;
				CLANG_ANALYZER_NONNULL = YES;
				CLANG_ANALYZER_NUMBER_OBJECT_CONVERSION = YES_AGGRESSIVE;
				CLANG_CXX_LANGUAGE_STANDARD = "gnu++20";
				CLANG_ENABLE_MODULES = YES;
				CLANG_ENABLE_OBJC_ARC = YES;
				CLANG_ENABLE_OBJC_WEAK = YES;
				CLANG_WARN_BLOCK_CAPTURE_AUTORELEASING = YES;
				CLANG_WARN_BOOL_CONVERSION = YES;
				CLANG_WARN_COMMA = YES;
				CLANG_WARN_CONSTANT_CONVERSION = YES;
				CLANG_WARN_DEPRECATED_OBJC_IMPLEMENTATIONS = YES;
				CLANG_WARN_DIRECT_OBJC_ISA_USAGE = YES_ERROR;
				CLANG_WARN_DOCUMENTATION_COMMENTS = YES;
				CLANG_WARN_EMPTY_BODY = YES;
				CLANG_WARN_ENUM_CONVERSION = YES;
				CLANG_WARN_INFINITE_RECURSION = YES;
				CLANG_WARN_INT_CONVERSION = YES;
				CLANG_WARN_NON_LITERAL_NULL_CONVERSION = YES;
				CLANG_WARN_OBJC_IMPLICIT_RETAIN_SELF = YES;
				CLANG_WARN_OBJC_LITERAL_CONVERSION = YES;
				CLANG_WARN_OBJC_ROOT_CLASS = YES_ERROR;
				CLANG_WARN_QUOTED_INCLUDE_IN_FRAMEWORK_HEADER = YES;
				CLANG_WARN_RANGE_LOOP_ANALYSIS = YES;
				CLANG_WARN_STRICT_PROTOTYPES = YES;
				CLANG_WARN_SUSPICIOUS_MOVE = YES;
				CLANG_WARN_UNGUARDED_AVAILABILITY = YES_AGGRESSIVE;
				CLANG_WARN_UNREACHABLE_CODE = YES;
				CLANG_WARN__DUPLICATE_METHOD_MATCH = YES;
				COPY_PHASE_STRIP = NO;
				DEBUG_INFORMATION_FORMAT = dwarf;
				ENABLE_STRICT_OBJC_MSGSEND = YES;
				ENABLE_TESTABILITY = YES;
				ENABLE_USER_SCRIPT_SANDBOXING = YES;
				GCC_C_LANGUAGE_STANDARD = gnu17;
				GCC_DYNAMIC_NO_PIC = NO;
				GCC_NO_COMMON_BLOCKS = YES;
				GCC_OPTIMIZATION_LEVEL = 0;
				GCC_PREPROCESSOR_DEFINITIONS = (
					"DEBUG=1",
					"$(inherited)",
				);
				GCC_WARN_64_TO_32_BIT_CONVERSION = YES;
				GCC_WARN_ABOUT_RETURN_TYPE = YES_ERROR;
				GCC_WARN_UNDECLARED_SELECTOR = YES;
				GCC_WARN_UNINITIALIZED_AUTOS = YES_AGGRESSIVE;
				GCC_WARN_UNUSED_FUNCTION = YES;
				GCC_WARN_UNUSED_VARIABLE = YES;
				IPHONEOS_DEPLOYMENT_TARGET = 17.5;
				LOCALIZATION_PREFERS_STRING_CATALOGS = YES;
				MTL_ENABLE_DEBUG_INFO = INCLUDE_SOURCE;
				MTL_FAST_MATH = YES;
				ONLY_ACTIVE_ARCH = YES;
				SDKROOT = iphoneos;
				SWIFT_ACTIVE_COMPILATION_CONDITIONS = "DEBUG $(inherited)";
				SWIFT_OPTIMIZATION_LEVEL = "-Onone";
			};
			name = Debug;
		};
		08BBB97D2BFD5F5D00128E10 /* Release */ = {
			isa = XCBuildConfiguration;
			buildSettings = {
				ALWAYS_SEARCH_USER_PATHS = NO;
				ASSETCATALOG_COMPILER_GENERATE_SWIFT_ASSET_SYMBOL_EXTENSIONS = YES;
				CLANG_ANALYZER_NONNULL = YES;
				CLANG_ANALYZER_NUMBER_OBJECT_CONVERSION = YES_AGGRESSIVE;
				CLANG_CXX_LANGUAGE_STANDARD = "gnu++20";
				CLANG_ENABLE_MODULES = YES;
				CLANG_ENABLE_OBJC_ARC = YES;
				CLANG_ENABLE_OBJC_WEAK = YES;
				CLANG_WARN_BLOCK_CAPTURE_AUTORELEASING = YES;
				CLANG_WARN_BOOL_CONVERSION = YES;
				CLANG_WARN_COMMA = YES;
				CLANG_WARN_CONSTANT_CONVERSION = YES;
				CLANG_WARN_DEPRECATED_OBJC_IMPLEMENTATIONS = YES;
				CLANG_WARN_DIRECT_OBJC_ISA_USAGE = YES_ERROR;
				CLANG_WARN_DOCUMENTATION_COMMENTS = YES;
				CLANG_WARN_EMPTY_BODY = YES;
				CLANG_WARN_ENUM_CONVERSION = YES;
				CLANG_WARN_INFINITE_RECURSION = YES;
				CLANG_WARN_INT_CONVERSION = YES;
				CLANG_WARN_NON_LITERAL_NULL_CONVERSION = YES;
				CLANG_WARN_OBJC_IMPLICIT_RETAIN_SELF = YES;
				CLANG_WARN_OBJC_LITERAL_CONVERSION = YES;
				CLANG_WARN_OBJC_ROOT_CLASS = YES_ERROR;
				CLANG_WARN_QUOTED_INCLUDE_IN_FRAMEWORK_HEADER = YES;
				CLANG_WARN_RANGE_LOOP_ANALYSIS = YES;
				CLANG_WARN_STRICT_PROTOTYPES = YES;
				CLANG_WARN_SUSPICIOUS_MOVE = YES;
				CLANG_WARN_UNGUARDED_AVAILABILITY = YES_AGGRESSIVE;
				CLANG_WARN_UNREACHABLE_CODE = YES;
				CLANG_WARN__DUPLICATE_METHOD_MATCH = YES;
				COPY_PHASE_STRIP = NO;
				DEBUG_INFORMATION_FORMAT = "dwarf-with-dsym";
				ENABLE_NS_ASSERTIONS = NO;
				ENABLE_STRICT_OBJC_MSGSEND = YES;
				ENABLE_USER_SCRIPT_SANDBOXING = YES;
				GCC_C_LANGUAGE_STANDARD = gnu17;
				GCC_NO_COMMON_BLOCKS = YES;
				GCC_WARN_64_TO_32_BIT_CONVERSION = YES;
				GCC_WARN_ABOUT_RETURN_TYPE = YES_ERROR;
				GCC_WARN_UNDECLARED_SELECTOR = YES;
				GCC_WARN_UNINITIALIZED_AUTOS = YES_AGGRESSIVE;
				GCC_WARN_UNUSED_FUNCTION = YES;
				GCC_WARN_UNUSED_VARIABLE = YES;
				IPHONEOS_DEPLOYMENT_TARGET = 17.5;
				LOCALIZATION_PREFERS_STRING_CATALOGS = YES;
				MTL_ENABLE_DEBUG_INFO = NO;
				MTL_FAST_MATH = YES;
				SDKROOT = iphoneos;
				SWIFT_COMPILATION_MODE = wholemodule;
				VALIDATE_PRODUCT = YES;
			};
			name = Release;
		};
		08BBB97F2BFD5F5D00128E10 /* Debug */ = {
			isa = XCBuildConfiguration;
			buildSettings = {
				ASSETCATALOG_COMPILER_APPICON_NAME = AppIcon;
				ASSETCATALOG_COMPILER_GLOBAL_ACCENT_COLOR_NAME = AccentColor;
				CODE_SIGN_STYLE = Automatic;
				CURRENT_PROJECT_VERSION = 1;
				DEVELOPMENT_ASSET_PATHS = "\"accountame/Preview Content\"";
				DEVELOPMENT_TEAM = PKCUH77SJ7;
				ENABLE_PREVIEWS = YES;
				GENERATE_INFOPLIST_FILE = YES;
				INFOPLIST_KEY_CFBundleDisplayName = Accountame;
				INFOPLIST_KEY_UIApplicationSceneManifest_Generation = YES;
				INFOPLIST_KEY_UIApplicationSupportsIndirectInputEvents = YES;
				INFOPLIST_KEY_UILaunchScreen_Generation = YES;
				INFOPLIST_KEY_UISupportedInterfaceOrientations_iPad = "UIInterfaceOrientationPortrait UIInterfaceOrientationPortraitUpsideDown UIInterfaceOrientationLandscapeLeft UIInterfaceOrientationLandscapeRight";
				INFOPLIST_KEY_UISupportedInterfaceOrientations_iPhone = "UIInterfaceOrientationPortrait UIInterfaceOrientationLandscapeLeft UIInterfaceOrientationLandscapeRight";
				LD_RUNPATH_SEARCH_PATHS = (
					"$(inherited)",
					"@executable_path/Frameworks",
				);
				MARKETING_VERSION = 1.0;
				PRODUCT_BUNDLE_IDENTIFIER = benhilger.accountame;
				PRODUCT_NAME = "$(TARGET_NAME)";
				SWIFT_EMIT_LOC_STRINGS = YES;
				SWIFT_VERSION = 5.0;
				TARGETED_DEVICE_FAMILY = "1,2";
			};
			name = Debug;
		};
		08BBB9802BFD5F5D00128E10 /* Release */ = {
			isa = XCBuildConfiguration;
			buildSettings = {
				ASSETCATALOG_COMPILER_APPICON_NAME = AppIcon;
				ASSETCATALOG_COMPILER_GLOBAL_ACCENT_COLOR_NAME = AccentColor;
				CODE_SIGN_STYLE = Automatic;
				CURRENT_PROJECT_VERSION = 1;
				DEVELOPMENT_ASSET_PATHS = "\"accountame/Preview Content\"";
				DEVELOPMENT_TEAM = PKCUH77SJ7;
				ENABLE_PREVIEWS = YES;
				GENERATE_INFOPLIST_FILE = YES;
				INFOPLIST_KEY_CFBundleDisplayName = Accountame;
				INFOPLIST_KEY_UIApplicationSceneManifest_Generation = YES;
				INFOPLIST_KEY_UIApplicationSupportsIndirectInputEvents = YES;
				INFOPLIST_KEY_UILaunchScreen_Generation = YES;
				INFOPLIST_KEY_UISupportedInterfaceOrientations_iPad = "UIInterfaceOrientationPortrait UIInterfaceOrientationPortraitUpsideDown UIInterfaceOrientationLandscapeLeft UIInterfaceOrientationLandscapeRight";
				INFOPLIST_KEY_UISupportedInterfaceOrientations_iPhone = "UIInterfaceOrientationPortrait UIInterfaceOrientationLandscapeLeft UIInterfaceOrientationLandscapeRight";
				LD_RUNPATH_SEARCH_PATHS = (
					"$(inherited)",
					"@executable_path/Frameworks",
				);
				MARKETING_VERSION = 1.0;
				PRODUCT_BUNDLE_IDENTIFIER = benhilger.accountame;
				PRODUCT_NAME = "$(TARGET_NAME)";
				SWIFT_EMIT_LOC_STRINGS = YES;
				SWIFT_VERSION = 5.0;
				TARGETED_DEVICE_FAMILY = "1,2";
			};
			name = Release;
		};
		08BBB9822BFD5F5D00128E10 /* Debug */ = {
			isa = XCBuildConfiguration;
			buildSettings = {
				ALWAYS_EMBED_SWIFT_STANDARD_LIBRARIES = YES;
				BUNDLE_LOADER = "$(TEST_HOST)";
				CODE_SIGN_STYLE = Automatic;
				CURRENT_PROJECT_VERSION = 1;
				DEVELOPMENT_TEAM = PKCUH77SJ7;
				GENERATE_INFOPLIST_FILE = YES;
				IPHONEOS_DEPLOYMENT_TARGET = 17.5;
				MARKETING_VERSION = 1.0;
				PRODUCT_BUNDLE_IDENTIFIER = benhilger.accountameTests;
				PRODUCT_NAME = "$(TARGET_NAME)";
				SWIFT_EMIT_LOC_STRINGS = NO;
				SWIFT_VERSION = 5.0;
				TARGETED_DEVICE_FAMILY = "1,2";
				TEST_HOST = "$(BUILT_PRODUCTS_DIR)/accountame.app/$(BUNDLE_EXECUTABLE_FOLDER_PATH)/accountame";
			};
			name = Debug;
		};
		08BBB9832BFD5F5D00128E10 /* Release */ = {
			isa = XCBuildConfiguration;
			buildSettings = {
				ALWAYS_EMBED_SWIFT_STANDARD_LIBRARIES = YES;
				BUNDLE_LOADER = "$(TEST_HOST)";
				CODE_SIGN_STYLE = Automatic;
				CURRENT_PROJECT_VERSION = 1;
				DEVELOPMENT_TEAM = PKCUH77SJ7;
				GENERATE_INFOPLIST_FILE = YES;
				IPHONEOS_DEPLOYMENT_TARGET = 17.5;
				MARKETING_VERSION = 1.0;
				PRODUCT_BUNDLE_IDENTIFIER = benhilger.accountameTests;
				PRODUCT_NAME = "$(TARGET_NAME)";
				SWIFT_EMIT_LOC_STRINGS = NO;
				SWIFT_VERSION = 5.0;
				TARGETED_DEVICE_FAMILY = "1,2";
				TEST_HOST = "$(BUILT_PRODUCTS_DIR)/accountame.app/$(BUNDLE_EXECUTABLE_FOLDER_PATH)/accountame";
			};
			name = Release;
		};
		08BBB9852BFD5F5D00128E10 /* Debug */ = {
			isa = XCBuildConfiguration;
			buildSettings = {
				ALWAYS_EMBED_SWIFT_STANDARD_LIBRARIES = YES;
				CODE_SIGN_STYLE = Automatic;
				CURRENT_PROJECT_VERSION = 1;
				DEVELOPMENT_TEAM = PKCUH77SJ7;
				GENERATE_INFOPLIST_FILE = YES;
				MARKETING_VERSION = 1.0;
				PRODUCT_BUNDLE_IDENTIFIER = benhilger.accountameUITests;
				PRODUCT_NAME = "$(TARGET_NAME)";
				SWIFT_EMIT_LOC_STRINGS = NO;
				SWIFT_VERSION = 5.0;
				TARGETED_DEVICE_FAMILY = "1,2";
				TEST_TARGET_NAME = accountame;
			};
			name = Debug;
		};
		08BBB9862BFD5F5D00128E10 /* Release */ = {
			isa = XCBuildConfiguration;
			buildSettings = {
				ALWAYS_EMBED_SWIFT_STANDARD_LIBRARIES = YES;
				CODE_SIGN_STYLE = Automatic;
				CURRENT_PROJECT_VERSION = 1;
				DEVELOPMENT_TEAM = PKCUH77SJ7;
				GENERATE_INFOPLIST_FILE = YES;
				MARKETING_VERSION = 1.0;
				PRODUCT_BUNDLE_IDENTIFIER = benhilger.accountameUITests;
				PRODUCT_NAME = "$(TARGET_NAME)";
				SWIFT_EMIT_LOC_STRINGS = NO;
				SWIFT_VERSION = 5.0;
				TARGETED_DEVICE_FAMILY = "1,2";
				TEST_TARGET_NAME = accountame;
			};
			name = Release;
		};
/* End XCBuildConfiguration section */

/* Begin XCConfigurationList section */
		08BBB9552BFD5F5C00128E10 /* Build configuration list for PBXProject "accountame" */ = {
			isa = XCConfigurationList;
			buildConfigurations = (
				08BBB97C2BFD5F5D00128E10 /* Debug */,
				08BBB97D2BFD5F5D00128E10 /* Release */,
			);
			defaultConfigurationIsVisible = 0;
			defaultConfigurationName = Release;
		};
		08BBB97E2BFD5F5D00128E10 /* Build configuration list for PBXNativeTarget "accountame" */ = {
			isa = XCConfigurationList;
			buildConfigurations = (
				08BBB97F2BFD5F5D00128E10 /* Debug */,
				08BBB9802BFD5F5D00128E10 /* Release */,
			);
			defaultConfigurationIsVisible = 0;
			defaultConfigurationName = Release;
		};
		08BBB9812BFD5F5D00128E10 /* Build configuration list for PBXNativeTarget "accountameTests" */ = {
			isa = XCConfigurationList;
			buildConfigurations = (
				08BBB9822BFD5F5D00128E10 /* Debug */,
				08BBB9832BFD5F5D00128E10 /* Release */,
			);
			defaultConfigurationIsVisible = 0;
			defaultConfigurationName = Release;
		};
		08BBB9842BFD5F5D00128E10 /* Build configuration list for PBXNativeTarget "accountameUITests" */ = {
			isa = XCConfigurationList;
			buildConfigurations = (
				08BBB9852BFD5F5D00128E10 /* Debug */,
				08BBB9862BFD5F5D00128E10 /* Release */,
			);
			defaultConfigurationIsVisible = 0;
			defaultConfigurationName = Release;
		};
/* End XCConfigurationList section */
	};
	rootObject = 08BBB9522BFD5F5C00128E10 /* Project object */;
}
